
Microsoft Visual Studio Solution File, Format Version 12.00
Project("{FAE04EC0-301F-11D3-BF4B-00C04F79EFBC}") = "AliciasSoftwareSim", "AliciasSoftwareSim.csproj", "{EDAB2AAE-65ED-43AB-B363-BB804632AFEC}"
EndProject
Global
	GlobalSection(SolutionConfigurationPlatforms) = preSolution
		Debug|Any CPU = Debug|Any CPU
		Release|Any CPU = Release|Any CPU
	EndGlobalSection
	GlobalSection(ProjectConfigurationPlatforms) = postSolution
		{EDAB2AAE-65ED-43AB-B363-BB804632AFEC}.Debug|Any CPU.ActiveCfg = Debug|Any CPU
		{EDAB2AAE-65ED-43AB-B363-BB804632AFEC}.Debug|Any CPU.Build.0 = Debug|Any CPU
		{EDAB2AAE-65ED-43AB-B363-BB804632AFEC}.Release|Any CPU.ActiveCfg = Release|Any CPU
		{EDAB2AAE-65ED-43AB-B363-BB804632AFEC}.Release|Any CPU.Build.0 = Release|Any CPU
	EndGlobalSection
EndGlobal
